Microsoft Visual Studio Solution File, Format Version 10.00
# Visual C++ Express 2008
Project("{8BC9CEB8-8B4A-11D0-8D11-00A0C91BC942}") = "CManager", "CManager-vc9.vcproj", "{620C6FB1-C94C-459D-AF5F-DCBB765F69CF}"
	ProjectSection(ProjectDependencies) = postProject
		{15A3C4DE-8E3E-47B4-B070-25EE2E66EC0D} = {15A3C4DE-8E3E-47B4-B070-25EE2E66EC0D}
		{C2715AAA-C99B-438E-BF57-8357BD21AE98} = {C2715AAA-C99B-438E-BF57-8357BD21AE98}
		{7C827991-8AEF-4B89-A980-DC2BDFC93955} = {7C827991-8AEF-4B89-A980-DC2BDFC93955}
		{F35AD44A-5921-4C7F-842F-0B3138825EA6} = {F35AD44A-5921-4C7F-842F-0B3138825EA6}
	EndProjectSection
EndProject
Project("{8BC9CEB8-8B4A-11D0-8D11-00A0C91BC942}") = "vtdata", "..\..\TerrainSDK\vtdata\vtdata-vc9.vcproj", "{C2715AAA-C99B-438E-BF57-8357BD21AE98}"
EndProject
Project("{8BC9CEB8-8B4A-11D0-8D11-00A0C91BC942}") = "vtosg", "..\..\TerrainSDK\vtlib\vtosg\vtosg-vc9.vcproj", "{15A3C4DE-8E3E-47B4-B070-25EE2E66EC0D}"
EndProject
Project("{8BC9CEB8-8B4A-11D0-8D11-00A0C91BC942}") = "vtui", "..\..\TerrainSDK\vtui\vtui-vc9.vcproj", "{7C827991-8AEF-4B89-A980-DC2BDFC93955}"
EndProject
Project("{8BC9CEB8-8B4A-11D0-8D11-00A0C91BC942}") = "xmlhelper", "..\..\TerrainSDK\xmlhelper\xmlhelper-vc9.vcproj", "{F35AD44A-5921-4C7F-842F-0B3138825EA6}"
EndProject
Global
	GlobalSection(SolutionConfigurationPlatforms) = preSolution
		Debug|Win32 = Debug|Win32
		Release|Win32 = Release|Win32
	EndGlobalSection
	GlobalSection(ProjectConfigurationPlatforms) = postSolution
		{620C6FB1-C94C-459D-AF5F-DCBB765F69CF}.Debug|Win32.ActiveCfg = Debug|Win32
		{620C6FB1-C94C-459D-AF5F-DCBB765F69CF}.Debug|Win32.Build.0 = Debug|Win32
		{620C6FB1-C94C-459D-AF5F-DCBB765F69CF}.Release|Win32.ActiveCfg = Release|Win32
		{620C6FB1-C94C-459D-AF5F-DCBB765F69CF}.Release|Win32.Build.0 = Release|Win32
		{C2715AAA-C99B-438E-BF57-8357BD21AE98}.Debug|Win32.ActiveCfg = Debug|Win32
		{C2715AAA-C99B-438E-BF57-8357BD21AE98}.Debug|Win32.Build.0 = Debug|Win32
		{C2715AAA-C99B-438E-BF57-8357BD21AE98}.Release|Win32.ActiveCfg = Release|Win32
		{C2715AAA-C99B-438E-BF57-8357BD21AE98}.Release|Win32.Build.0 = Release|Win32
		{15A3C4DE-8E3E-47B4-B070-25EE2E66EC0D}.Debug|Win32.ActiveCfg = Debug|Win32
		{15A3C4DE-8E3E-47B4-B070-25EE2E66EC0D}.Debug|Win32.Build.0 = Debug|Win32
		{15A3C4DE-8E3E-47B4-B070-25EE2E66EC0D}.Release|Win32.ActiveCfg = Release|Win32
		{15A3C4DE-8E3E-47B4-B070-25EE2E66EC0D}.Release|Win32.Build.0 = Release|Win32
		{7C827991-8AEF-4B89-A980-DC2BDFC93955}.Debug|Win32.ActiveCfg = Debug|Win32
		{7C827991-8AEF-4B89-A980-DC2BDFC93955}.Debug|Win32.Build.0 = Debug|Win32
		{7C827991-8AEF-4B89-A980-DC2BDFC93955}.Release|Win32.ActiveCfg = Release|Win32
		{7C827991-8AEF-4B89-A980-DC2BDFC93955}.Release|Win32.Build.0 = Release|Win32
		{F35AD44A-5921-4C7F-842F-0B3138825EA6}.Debug|Win32.ActiveCfg = Debug|Win32
		{F35AD44A-5921-4C7F-842F-0B3138825EA6}.Debug|Win32.Build.0 = Debug|Win32
		{F35AD44A-5921-4C7F-842F-0B3138825EA6}.Release|Win32.ActiveCfg = Release|Win32
		{F35AD44A-5921-4C7F-842F-0B3138825EA6}.Release|Win32.Build.0 = Release|Win32
	EndGlobalSection
	GlobalSection(SolutionProperties) = preSolution
		HideSolutionNode = FALSE
	EndGlobalSection
EndGlobal
