Microsoft Visual Studio Solution File, Format Version 9.00
# Visual C++ Express 2005
Project("{8BC9CEB8-8B4A-11D0-8D11-00A0C91BC942}") = "wxEnviro", "wxEnviro-OpenSG-vc8.vcproj", "{EB511FDC-A380-4724-9A95-7FEAC5561FEA}"
	ProjectSection(ProjectDependencies) = postProject
		{A066DCBD-132B-4A65-AF74-D7921EA64B9C} = {A066DCBD-132B-4A65-AF74-D7921EA64B9C}
		{F35AD44A-5921-4C7F-842F-0B3138825EA6} = {F35AD44A-5921-4C7F-842F-0B3138825EA6}
		{7C827991-8AEF-4B89-A980-DC2BDFC93955} = {7C827991-8AEF-4B89-A980-DC2BDFC93955}
		{C2715AAA-C99B-438E-BF57-8357BD21AE98} = {C2715AAA-C99B-438E-BF57-8357BD21AE98}
	EndProjectSection
EndProject
Project("{8BC9CEB8-8B4A-11D0-8D11-00A0C91BC942}") = "vtdata", "..\..\TerrainSDK\vtdata\vtdata-vc8.vcproj", "{C2715AAA-C99B-438E-BF57-8357BD21AE98}"
EndProject
Project("{8BC9CEB8-8B4A-11D0-8D11-00A0C91BC942}") = "vtui", "..\..\TerrainSDK\vtui\vtui-vc8.vcproj", "{7C827991-8AEF-4B89-A980-DC2BDFC93955}"
EndProject
Project("{8BC9CEB8-8B4A-11D0-8D11-00A0C91BC942}") = "vtopensg", "..\..\TerrainSDK\vtlib\vtopensg\vtopensg-vc8.vcproj", "{A066DCBD-132B-4A65-AF74-D7921EA64B9C}"
EndProject
Project("{8BC9CEB8-8B4A-11D0-8D11-00A0C91BC942}") = "xmlhelper", "..\..\TerrainSDK\xmlhelper\xmlhelper-vc8.vcproj", "{F35AD44A-5921-4C7F-842F-0B3138825EA6}"
EndProject
Project("{8BC9CEB8-8B4A-11D0-8D11-00A0C91BC942}") = "glutSimple-OpenSG", "..\glutSimple\glutSimple-OpenSG-vc8.vcproj", "{F84608F0-2B6C-4A8E-9C71-D9F22B98D8A4}"
	ProjectSection(ProjectDependencies) = postProject
		{A066DCBD-132B-4A65-AF74-D7921EA64B9C} = {A066DCBD-132B-4A65-AF74-D7921EA64B9C}
		{F35AD44A-5921-4C7F-842F-0B3138825EA6} = {F35AD44A-5921-4C7F-842F-0B3138825EA6}
		{C2715AAA-C99B-438E-BF57-8357BD21AE98} = {C2715AAA-C99B-438E-BF57-8357BD21AE98}
	EndProjectSection
EndProject
Global
	GlobalSection(SolutionConfigurationPlatforms) = preSolution
		Debug Unicode|Win32 = Debug Unicode|Win32
		Release Unicode|Win32 = Release Unicode|Win32
	EndGlobalSection
	GlobalSection(ProjectConfigurationPlatforms) = postSolution
		{EB511FDC-A380-4724-9A95-7FEAC5561FEA}.Debug Unicode|Win32.ActiveCfg = Debug Unicode|Win32
		{EB511FDC-A380-4724-9A95-7FEAC5561FEA}.Debug Unicode|Win32.Build.0 = Debug Unicode|Win32
		{EB511FDC-A380-4724-9A95-7FEAC5561FEA}.Release Unicode|Win32.ActiveCfg = Release Unicode|Win32
		{EB511FDC-A380-4724-9A95-7FEAC5561FEA}.Release Unicode|Win32.Build.0 = Release Unicode|Win32
		{C2715AAA-C99B-438E-BF57-8357BD21AE98}.Debug Unicode|Win32.ActiveCfg = Debug|Win32
		{C2715AAA-C99B-438E-BF57-8357BD21AE98}.Debug Unicode|Win32.Build.0 = Debug|Win32
		{C2715AAA-C99B-438E-BF57-8357BD21AE98}.Release Unicode|Win32.ActiveCfg = Release|Win32
		{C2715AAA-C99B-438E-BF57-8357BD21AE98}.Release Unicode|Win32.Build.0 = Release|Win32
		{7C827991-8AEF-4B89-A980-DC2BDFC93955}.Debug Unicode|Win32.ActiveCfg = Debug Unicode|Win32
		{7C827991-8AEF-4B89-A980-DC2BDFC93955}.Debug Unicode|Win32.Build.0 = Debug Unicode|Win32
		{7C827991-8AEF-4B89-A980-DC2BDFC93955}.Release Unicode|Win32.ActiveCfg = Release Unicode|Win32
		{7C827991-8AEF-4B89-A980-DC2BDFC93955}.Release Unicode|Win32.Build.0 = Release Unicode|Win32
		{A066DCBD-132B-4A65-AF74-D7921EA64B9C}.Debug Unicode|Win32.ActiveCfg = Debug|Win32
		{A066DCBD-132B-4A65-AF74-D7921EA64B9C}.Debug Unicode|Win32.Build.0 = Debug|Win32
		{A066DCBD-132B-4A65-AF74-D7921EA64B9C}.Release Unicode|Win32.ActiveCfg = Release|Win32
		{A066DCBD-132B-4A65-AF74-D7921EA64B9C}.Release Unicode|Win32.Build.0 = Release|Win32
		{F35AD44A-5921-4C7F-842F-0B3138825EA6}.Debug Unicode|Win32.ActiveCfg = Debug|Win32
		{F35AD44A-5921-4C7F-842F-0B3138825EA6}.Debug Unicode|Win32.Build.0 = Debug|Win32
		{F35AD44A-5921-4C7F-842F-0B3138825EA6}.Release Unicode|Win32.ActiveCfg = Release|Win32
		{F35AD44A-5921-4C7F-842F-0B3138825EA6}.Release Unicode|Win32.Build.0 = Release|Win32
		{F84608F0-2B6C-4A8E-9C71-D9F22B98D8A4}.Debug Unicode|Win32.ActiveCfg = Debug|Win32
		{F84608F0-2B6C-4A8E-9C71-D9F22B98D8A4}.Debug Unicode|Win32.Build.0 = Debug|Win32
		{F84608F0-2B6C-4A8E-9C71-D9F22B98D8A4}.Release Unicode|Win32.ActiveCfg = Release|Win32
		{F84608F0-2B6C-4A8E-9C71-D9F22B98D8A4}.Release Unicode|Win32.Build.0 = Release|Win32
	EndGlobalSection
	GlobalSection(SolutionProperties) = preSolution
		HideSolutionNode = FALSE
	EndGlobalSection
EndGlobal
