Microsoft Visual Studio Solution File, Format Version 10.00
# Visual C++ Express 2008
Project("{8BC9CEB8-8B4A-11D0-8D11-00A0C91BC942}") = "vtui", "..\..\TerrainSDK\vtui\vtui-vc9.vcproj", "{7C827991-8AEF-4B89-A980-DC2BDFC93955}"
EndProject
Project("{8BC9CEB8-8B4A-11D0-8D11-00A0C91BC942}") = "xmlhelper", "..\..\TerrainSDK\xmlhelper\xmlhelper-vc9.vcproj", "{F35AD44A-5921-4C7F-842F-0B3138825EA6}"
EndProject
Project("{8BC9CEB8-8B4A-11D0-8D11-00A0C91BC942}") = "unzip", "..\..\TerrainSDK\unzip\unzip-vc9.vcproj", "{80D6498F-D7CA-4087-BA90-2AF930E389B5}"
EndProject
Project("{8BC9CEB8-8B4A-11D0-8D11-00A0C91BC942}") = "BuilderLib-vc9", "BuilderLib-vc9.vcproj", "{A40F3820-F3A0-42FD-AE17-492857E09B6D}"
	ProjectSection(ProjectDependencies) = postProject
		{80D6498F-D7CA-4087-BA90-2AF930E389B5} = {80D6498F-D7CA-4087-BA90-2AF930E389B5}
		{F35AD44A-5921-4C7F-842F-0B3138825EA6} = {F35AD44A-5921-4C7F-842F-0B3138825EA6}
		{C2715AAA-C99B-438E-BF57-8357BD21AE98} = {C2715AAA-C99B-438E-BF57-8357BD21AE98}
		{7C827991-8AEF-4B89-A980-DC2BDFC93955} = {7C827991-8AEF-4B89-A980-DC2BDFC93955}
	EndProjectSection
EndProject
Project("{8BC9CEB8-8B4A-11D0-8D11-00A0C91BC942}") = "vtdata", "..\..\TerrainSDK\vtdata\vtdata-vc9.vcproj", "{C2715AAA-C99B-438E-BF57-8357BD21AE98}"
EndProject
Project("{8BC9CEB8-8B4A-11D0-8D11-00A0C91BC942}") = "VTBuilder", "VTBuilder-vc9.vcproj", "{DB63CBC9-7AD6-44B4-9E53-2C0669DD2A22}"
	ProjectSection(ProjectDependencies) = postProject
		{F6E0C647-2E2F-4DAE-A085-9C8085481706} = {F6E0C647-2E2F-4DAE-A085-9C8085481706}
		{A40F3820-F3A0-42FD-AE17-492857E09B6D} = {A40F3820-F3A0-42FD-AE17-492857E09B6D}
		{F35AD44A-5921-4C7F-842F-0B3138825EA6} = {F35AD44A-5921-4C7F-842F-0B3138825EA6}
		{80D6498F-D7CA-4087-BA90-2AF930E389B5} = {80D6498F-D7CA-4087-BA90-2AF930E389B5}
		{7C827991-8AEF-4B89-A980-DC2BDFC93955} = {7C827991-8AEF-4B89-A980-DC2BDFC93955}
		{C2715AAA-C99B-438E-BF57-8357BD21AE98} = {C2715AAA-C99B-438E-BF57-8357BD21AE98}
	EndProjectSection
EndProject
Project("{8BC9CEB8-8B4A-11D0-8D11-00A0C91BC942}") = "minidata", "..\..\TerrainSDK\minidata\minidata-vc9.vcproj", "{F6E0C647-2E2F-4DAE-A085-9C8085481706}"
EndProject
Global
	GlobalSection(SolutionConfigurationPlatforms) = preSolution
		Debug|Win32 = Debug|Win32
		Release|Win32 = Release|Win32
	EndGlobalSection
	GlobalSection(ProjectConfigurationPlatforms) = postSolution
		{7C827991-8AEF-4B89-A980-DC2BDFC93955}.Debug|Win32.ActiveCfg = Debug|Win32
		{7C827991-8AEF-4B89-A980-DC2BDFC93955}.Debug|Win32.Build.0 = Debug|Win32
		{7C827991-8AEF-4B89-A980-DC2BDFC93955}.Release|Win32.ActiveCfg = Release|Win32
		{7C827991-8AEF-4B89-A980-DC2BDFC93955}.Release|Win32.Build.0 = Release|Win32
		{F35AD44A-5921-4C7F-842F-0B3138825EA6}.Debug|Win32.ActiveCfg = Debug|Win32
		{F35AD44A-5921-4C7F-842F-0B3138825EA6}.Debug|Win32.Build.0 = Debug|Win32
		{F35AD44A-5921-4C7F-842F-0B3138825EA6}.Release|Win32.ActiveCfg = Release|Win32
		{F35AD44A-5921-4C7F-842F-0B3138825EA6}.Release|Win32.Build.0 = Release|Win32
		{80D6498F-D7CA-4087-BA90-2AF930E389B5}.Debug|Win32.ActiveCfg = Debug|Win32
		{80D6498F-D7CA-4087-BA90-2AF930E389B5}.Debug|Win32.Build.0 = Debug|Win32
		{80D6498F-D7CA-4087-BA90-2AF930E389B5}.Release|Win32.ActiveCfg = Release|Win32
		{80D6498F-D7CA-4087-BA90-2AF930E389B5}.Release|Win32.Build.0 = Release|Win32
		{A40F3820-F3A0-42FD-AE17-492857E09B6D}.Debug|Win32.ActiveCfg = Debug|Win32
		{A40F3820-F3A0-42FD-AE17-492857E09B6D}.Debug|Win32.Build.0 = Debug|Win32
		{A40F3820-F3A0-42FD-AE17-492857E09B6D}.Release|Win32.ActiveCfg = Release|Win32
		{A40F3820-F3A0-42FD-AE17-492857E09B6D}.Release|Win32.Build.0 = Release|Win32
		{C2715AAA-C99B-438E-BF57-8357BD21AE98}.Debug|Win32.ActiveCfg = Debug|Win32
		{C2715AAA-C99B-438E-BF57-8357BD21AE98}.Debug|Win32.Build.0 = Debug|Win32
		{C2715AAA-C99B-438E-BF57-8357BD21AE98}.Release|Win32.ActiveCfg = Release|Win32
		{C2715AAA-C99B-438E-BF57-8357BD21AE98}.Release|Win32.Build.0 = Release|Win32
		{DB63CBC9-7AD6-44B4-9E53-2C0669DD2A22}.Debug|Win32.ActiveCfg = Debug Unicode|Win32
		{DB63CBC9-7AD6-44B4-9E53-2C0669DD2A22}.Debug|Win32.Build.0 = Debug Unicode|Win32
		{DB63CBC9-7AD6-44B4-9E53-2C0669DD2A22}.Release|Win32.ActiveCfg = Release Unicode|Win32
		{DB63CBC9-7AD6-44B4-9E53-2C0669DD2A22}.Release|Win32.Build.0 = Release Unicode|Win32
		{F6E0C647-2E2F-4DAE-A085-9C8085481706}.Debug|Win32.ActiveCfg = Debug|Win32
		{F6E0C647-2E2F-4DAE-A085-9C8085481706}.Debug|Win32.Build.0 = Debug|Win32
		{F6E0C647-2E2F-4DAE-A085-9C8085481706}.Release|Win32.ActiveCfg = Release|Win32
		{F6E0C647-2E2F-4DAE-A085-9C8085481706}.Release|Win32.Build.0 = Release|Win32
	EndGlobalSection
	GlobalSection(SolutionProperties) = preSolution
		HideSolutionNode = FALSE
	EndGlobalSection
EndGlobal
