Microsoft Visual Studio Solution File, Format Version 8.00
Project("{8BC9CEB8-8B4A-11D0-8D11-00A0C91BC942}") = "VTBuilder", "VTBuilder.vcproj", "{16336307-8BB7-4674-B686-CDF0DFD76227}"
	ProjectSection(ProjectDependencies) = postProject
		{4C64F83E-D699-475E-B1F1-7F3DA1B7A833} = {4C64F83E-D699-475E-B1F1-7F3DA1B7A833}
		{28EEF693-A93C-4B09-B5BD-5CCFAC5ACAFF} = {28EEF693-A93C-4B09-B5BD-5CCFAC5ACAFF}
		{47644EC5-3AB8-4447-94AF-A691215D5D3A} = {47644EC5-3AB8-4447-94AF-A691215D5D3A}
	EndProjectSection
EndProject
Project("{8BC9CEB8-8B4A-11D0-8D11-00A0C91BC942}") = "vtdata", "..\..\TerrainSDK\vtdata\vtdata.vcproj", "{28EEF693-A93C-4B09-B5BD-5CCFAC5ACAFF}"
	ProjectSection(ProjectDependencies) = postProject
		{47644EC5-3AB8-4447-94AF-A691215D5D3A} = {47644EC5-3AB8-4447-94AF-A691215D5D3A}
	EndProjectSection
EndProject
Project("{8BC9CEB8-8B4A-11D0-8D11-00A0C91BC942}") = "vtui", "..\..\TerrainSDK\vtui\vtui.vcproj", "{4C64F83E-D699-475E-B1F1-7F3DA1B7A833}"
	ProjectSection(ProjectDependencies) = postProject
	EndProjectSection
EndProject
Project("{8BC9CEB8-8B4A-11D0-8D11-00A0C91BC942}") = "xmlhelper", "..\..\TerrainSDK\xmlhelper\xmlhelper.vcproj", "{47644EC5-3AB8-4447-94AF-A691215D5D3A}"
	ProjectSection(ProjectDependencies) = postProject
	EndProjectSection
EndProject
Global
	GlobalSection(SolutionConfiguration) = preSolution
		Debug = Debug
		Debug Unicode = Debug Unicode
		Release = Release
		Release Unicode = Release Unicode
	EndGlobalSection
	GlobalSection(ProjectConfiguration) = postSolution
		{16336307-8BB7-4674-B686-CDF0DFD76227}.Debug.ActiveCfg = Debug|Win32
		{16336307-8BB7-4674-B686-CDF0DFD76227}.Debug.Build.0 = Debug|Win32
		{16336307-8BB7-4674-B686-CDF0DFD76227}.Debug Unicode.ActiveCfg = Debug Unicode|Win32
		{16336307-8BB7-4674-B686-CDF0DFD76227}.Debug Unicode.Build.0 = Debug Unicode|Win32
		{16336307-8BB7-4674-B686-CDF0DFD76227}.Release.ActiveCfg = Release|Win32
		{16336307-8BB7-4674-B686-CDF0DFD76227}.Release.Build.0 = Release|Win32
		{16336307-8BB7-4674-B686-CDF0DFD76227}.Release Unicode.ActiveCfg = Release Unicode|Win32
		{16336307-8BB7-4674-B686-CDF0DFD76227}.Release Unicode.Build.0 = Release Unicode|Win32
		{28EEF693-A93C-4B09-B5BD-5CCFAC5ACAFF}.Debug.ActiveCfg = Debug|Win32
		{28EEF693-A93C-4B09-B5BD-5CCFAC5ACAFF}.Debug.Build.0 = Debug|Win32
		{28EEF693-A93C-4B09-B5BD-5CCFAC5ACAFF}.Debug Unicode.ActiveCfg = Debug|Win32
		{28EEF693-A93C-4B09-B5BD-5CCFAC5ACAFF}.Debug Unicode.Build.0 = Debug|Win32
		{28EEF693-A93C-4B09-B5BD-5CCFAC5ACAFF}.Release.ActiveCfg = Release|Win32
		{28EEF693-A93C-4B09-B5BD-5CCFAC5ACAFF}.Release.Build.0 = Release|Win32
		{28EEF693-A93C-4B09-B5BD-5CCFAC5ACAFF}.Release Unicode.ActiveCfg = Release|Win32
		{28EEF693-A93C-4B09-B5BD-5CCFAC5ACAFF}.Release Unicode.Build.0 = Release|Win32
		{4C64F83E-D699-475E-B1F1-7F3DA1B7A833}.Debug.ActiveCfg = Debug|Win32
		{4C64F83E-D699-475E-B1F1-7F3DA1B7A833}.Debug.Build.0 = Debug|Win32
		{4C64F83E-D699-475E-B1F1-7F3DA1B7A833}.Debug Unicode.ActiveCfg = Debug Unicode|Win32
		{4C64F83E-D699-475E-B1F1-7F3DA1B7A833}.Debug Unicode.Build.0 = Debug Unicode|Win32
		{4C64F83E-D699-475E-B1F1-7F3DA1B7A833}.Release.ActiveCfg = Release|Win32
		{4C64F83E-D699-475E-B1F1-7F3DA1B7A833}.Release.Build.0 = Release|Win32
		{4C64F83E-D699-475E-B1F1-7F3DA1B7A833}.Release Unicode.ActiveCfg = Release Unicode|Win32
		{4C64F83E-D699-475E-B1F1-7F3DA1B7A833}.Release Unicode.Build.0 = Release Unicode|Win32
		{47644EC5-3AB8-4447-94AF-A691215D5D3A}.Debug.ActiveCfg = Debug|Win32
		{47644EC5-3AB8-4447-94AF-A691215D5D3A}.Debug.Build.0 = Debug|Win32
		{47644EC5-3AB8-4447-94AF-A691215D5D3A}.Debug Unicode.ActiveCfg = Debug|Win32
		{47644EC5-3AB8-4447-94AF-A691215D5D3A}.Debug Unicode.Build.0 = Debug|Win32
		{47644EC5-3AB8-4447-94AF-A691215D5D3A}.Release.ActiveCfg = Release|Win32
		{47644EC5-3AB8-4447-94AF-A691215D5D3A}.Release.Build.0 = Release|Win32
		{47644EC5-3AB8-4447-94AF-A691215D5D3A}.Release Unicode.ActiveCfg = Release|Win32
		{47644EC5-3AB8-4447-94AF-A691215D5D3A}.Release Unicode.Build.0 = Release|Win32
	EndGlobalSection
	GlobalSection(ExtensibilityGlobals) = postSolution
	EndGlobalSection
	GlobalSection(ExtensibilityAddIns) = postSolution
	EndGlobalSection
EndGlobal
